Microsoft Visual Studio Solution File, Format Version 12.00
# Visual Studio Version 17
VisualStudioVersion = 17.5.33516.290
MinimumVisualStudioVersion = 10.0.40219.1
Project("{2150E333-8FDC-42A3-9474-1A3956D46DE8}") = "Repository Items", "Repository Items", "{19159410-0A82-4946-9FB8-174E3D6DEFAB}"
	ProjectSection(SolutionItems) = preProject
		.gitignore = .gitignore
		src\Directory.Build.props = src\Directory.Build.props
		src\Directory.Build.targets = src\Directory.Build.targets
		icon.png = icon.png
		LICENSE = LICENSE
		nuget.config = nuget.config
		README.md = README.md
	EndProjectSection
EndProject
Project("{2150E333-8FDC-42A3-9474-1A3956D46DE8}") = "Actions", "Actions", "{6527F592-F2FD-42B7-8131-321C7C451E8F}"
	ProjectSection(SolutionItems) = preProject
		.github\workflows\build.yml = .github\workflows\build.yml
		.github\workflows\merged.yml = .github\workflows\merged.yml
	EndProjectSection
EndProject
Project("{2150E333-8FDC-42A3-9474-1A3956D46DE8}") = "Helper", "Helper", "{B55E700F-9B77-4C21-88E0-1B10D5A7F344}"
	ProjectSection(SolutionItems) = preProject
		src\Helper\README.md = src\Helper\README.md
	EndProjectSection
EndProject
Project("{9A19103F-16F7-4668-BE54-9A1E7A4F7556}") = "Application.Helper", "src\Helper\Application.Helper\Application.Helper.csproj", "{E1370363-1AEE-4CA0-A2CA-F5FE9A1D643E}"
EndProject
Project("{9A19103F-16F7-4668-BE54-9A1E7A4F7556}") = "Configuration.Helper", "src\Helper\Configuration.Helper\Configuration.Helper.csproj", "{92AEC90F-44A4-4A70-96B7-629B8F16615B}"
EndProject
Project("{9A19103F-16F7-4668-BE54-9A1E7A4F7556}") = "Json.Converters", "src\Helper\Json.Converters\Json.Converters.csproj", "{1E10FBB5-11A6-4122-A33C-5578615623A7}"
EndProject
Project("{9A19103F-16F7-4668-BE54-9A1E7A4F7556}") = "Logging.Helper", "src\Helper\Logging.Helper\Logging.Helper.csproj", "{40BAEB28-7F05-4DBF-8C99-CDC983820027}"
EndProject
Project("{2150E333-8FDC-42A3-9474-1A3956D46DE8}") = "Wpf", "Wpf", "{6DA0FE98-46BC-45A3-965B-DB66F3D5C7BF}"
	ProjectSection(SolutionItems) = preProject
		src\Wpf\README.md = src\Wpf\README.md
	EndProjectSection
EndProject
Project("{9A19103F-16F7-4668-BE54-9A1E7A4F7556}") = "Common.Wpf.Controls", "src\Wpf\Controls\Common.Wpf.Controls.csproj", "{97A9AB84-8415-43A4-BB8B-9E9508C0A478}"
EndProject
Project("{9A19103F-16F7-4668-BE54-9A1E7A4F7556}") = "Common.Wpf.Resources", "src\Wpf\Resources\Common.Wpf.Resources.csproj", "{A2DDF9FC-FB19-4480-8AC2-ECA692332380}"
EndProject
Project("{9A19103F-16F7-4668-BE54-9A1E7A4F7556}") = "TestHarness", "src\TestHarness\TestHarness.csproj", "{DBCCAA73-067C-49E3-B902-BD3BE8032420}"
EndProject
Global
	GlobalSection(SolutionConfigurationPlatforms) = preSolution
		Debug|Any CPU = Debug|Any CPU
		Release|Any CPU = Release|Any CPU
	EndGlobalSection
	GlobalSection(ProjectConfigurationPlatforms) = postSolution
		{E1370363-1AEE-4CA0-A2CA-F5FE9A1D643E}.Debug|Any CPU.ActiveCfg = Debug|Any CPU
		{E1370363-1AEE-4CA0-A2CA-F5FE9A1D643E}.Debug|Any CPU.Build.0 = Debug|Any CPU
		{E1370363-1AEE-4CA0-A2CA-F5FE9A1D643E}.Release|Any CPU.ActiveCfg = Release|Any CPU
		{E1370363-1AEE-4CA0-A2CA-F5FE9A1D643E}.Release|Any CPU.Build.0 = Release|Any CPU
		{92AEC90F-44A4-4A70-96B7-629B8F16615B}.Debug|Any CPU.ActiveCfg = Debug|Any CPU
		{92AEC90F-44A4-4A70-96B7-629B8F16615B}.Debug|Any CPU.Build.0 = Debug|Any CPU
		{92AEC90F-44A4-4A70-96B7-629B8F16615B}.Release|Any CPU.ActiveCfg = Release|Any CPU
		{92AEC90F-44A4-4A70-96B7-629B8F16615B}.Release|Any CPU.Build.0 = Release|Any CPU
		{1E10FBB5-11A6-4122-A33C-5578615623A7}.Debug|Any CPU.ActiveCfg = Debug|Any CPU
		{1E10FBB5-11A6-4122-A33C-5578615623A7}.Debug|Any CPU.Build.0 = Debug|Any CPU
		{1E10FBB5-11A6-4122-A33C-5578615623A7}.Release|Any CPU.ActiveCfg = Release|Any CPU
		{1E10FBB5-11A6-4122-A33C-5578615623A7}.Release|Any CPU.Build.0 = Release|Any CPU
		{40BAEB28-7F05-4DBF-8C99-CDC983820027}.Debug|Any CPU.ActiveCfg = Debug|Any CPU
		{40BAEB28-7F05-4DBF-8C99-CDC983820027}.Debug|Any CPU.Build.0 = Debug|Any CPU
		{40BAEB28-7F05-4DBF-8C99-CDC983820027}.Release|Any CPU.ActiveCfg = Release|Any CPU
		{40BAEB28-7F05-4DBF-8C99-CDC983820027}.Release|Any CPU.Build.0 = Release|Any CPU
		{97A9AB84-8415-43A4-BB8B-9E9508C0A478}.Debug|Any CPU.ActiveCfg = Debug|Any CPU
		{97A9AB84-8415-43A4-BB8B-9E9508C0A478}.Debug|Any CPU.Build.0 = Debug|Any CPU
		{97A9AB84-8415-43A4-BB8B-9E9508C0A478}.Release|Any CPU.ActiveCfg = Release|Any CPU
		{97A9AB84-8415-43A4-BB8B-9E9508C0A478}.Release|Any CPU.Build.0 = Release|Any CPU
		{A2DDF9FC-FB19-4480-8AC2-ECA692332380}.Debug|Any CPU.ActiveCfg = Debug|Any CPU
		{A2DDF9FC-FB19-4480-8AC2-ECA692332380}.Debug|Any CPU.Build.0 = Debug|Any CPU
		{A2DDF9FC-FB19-4480-8AC2-ECA692332380}.Release|Any CPU.ActiveCfg = Release|Any CPU
		{A2DDF9FC-FB19-4480-8AC2-ECA692332380}.Release|Any CPU.Build.0 = Release|Any CPU
		{DBCCAA73-067C-49E3-B902-BD3BE8032420}.Debug|Any CPU.ActiveCfg = Debug|Any CPU
		{DBCCAA73-067C-49E3-B902-BD3BE8032420}.Debug|Any CPU.Build.0 = Debug|Any CPU
		{DBCCAA73-067C-49E3-B902-BD3BE8032420}.Release|Any CPU.ActiveCfg = Release|Any CPU
		{DBCCAA73-067C-49E3-B902-BD3BE8032420}.Release|Any CPU.Build.0 = Release|Any CPU
	EndGlobalSection
	GlobalSection(SolutionProperties) = preSolution
		HideSolutionNode = FALSE
	EndGlobalSection
	GlobalSection(NestedProjects) = preSolution
		{E1370363-1AEE-4CA0-A2CA-F5FE9A1D643E} = {B55E700F-9B77-4C21-88E0-1B10D5A7F344}
		{92AEC90F-44A4-4A70-96B7-629B8F16615B} = {B55E700F-9B77-4C21-88E0-1B10D5A7F344}
		{1E10FBB5-11A6-4122-A33C-5578615623A7} = {B55E700F-9B77-4C21-88E0-1B10D5A7F344}
		{40BAEB28-7F05-4DBF-8C99-CDC983820027} = {B55E700F-9B77-4C21-88E0-1B10D5A7F344}
		{97A9AB84-8415-43A4-BB8B-9E9508C0A478} = {6DA0FE98-46BC-45A3-965B-DB66F3D5C7BF}
		{A2DDF9FC-FB19-4480-8AC2-ECA692332380} = {6DA0FE98-46BC-45A3-965B-DB66F3D5C7BF}
	EndGlobalSection
	GlobalSection(ExtensibilityGlobals) = postSolution
		SolutionGuid = {39730524-1930-4E69-985A-41B9AFE5050B}
	EndGlobalSection
EndGlobal
