
Microsoft Visual Studio Solution File, Format Version 12.00
# Visual Studio Version 17
VisualStudioVersion = 17.5.33516.290
MinimumVisualStudioVersion = 10.0.40219.1
Project("{2150E333-8FDC-42A3-9474-1A3956D46DE8}") = "Repository Items", "Repository Items", "{19159410-0A82-4946-9FB8-174E3D6DEFAB}"
	ProjectSection(SolutionItems) = preProject
		.gitignore = .gitignore
		src\Directory.Build.props = src\Directory.Build.props
		src\Directory.Build.targets = src\Directory.Build.targets
		src\Directory.Packages.props = src\Directory.Packages.props
		icon.png = icon.png
		LICENSE = LICENSE
		nuget.config = nuget.config
		README.md = README.md
	EndProjectSection
EndProject
Project("{2150E333-8FDC-42A3-9474-1A3956D46DE8}") = "Helpers", "Helpers", "{B55E700F-9B77-4C21-88E0-1B10D5A7F344}"
	ProjectSection(SolutionItems) = preProject
		src\Helper\README.md = src\Helper\README.md
	EndProjectSection
EndProject
Project("{9A19103F-16F7-4668-BE54-9A1E7A4F7556}") = "Application.Helper", "src\Helper\Application.Helper\Application.Helper.csproj", "{E1370363-1AEE-4CA0-A2CA-F5FE9A1D643E}"
EndProject
Project("{9A19103F-16F7-4668-BE54-9A1E7A4F7556}") = "Configuration.Helper", "src\Helper\Configuration.Helper\Configuration.Helper.csproj", "{92AEC90F-44A4-4A70-96B7-629B8F16615B}"
EndProject
Project("{9A19103F-16F7-4668-BE54-9A1E7A4F7556}") = "Logging.Helper", "src\Helper\Logging.Helper\Logging.Helper.csproj", "{40BAEB28-7F05-4DBF-8C99-CDC983820027}"
EndProject
Project("{2150E333-8FDC-42A3-9474-1A3956D46DE8}") = "Wpf", "Wpf", "{6DA0FE98-46BC-45A3-965B-DB66F3D5C7BF}"
	ProjectSection(SolutionItems) = preProject
		src\Wpf\README.md = src\Wpf\README.md
	EndProjectSection
EndProject
Project("{9A19103F-16F7-4668-BE54-9A1E7A4F7556}") = "Common.Wpf.Controls", "src\Wpf\Controls\Common.Wpf.Controls.csproj", "{97A9AB84-8415-43A4-BB8B-9E9508C0A478}"
EndProject
Project("{9A19103F-16F7-4668-BE54-9A1E7A4F7556}") = "Common.Wpf.Resources", "src\Wpf\Resources\Common.Wpf.Resources.csproj", "{A2DDF9FC-FB19-4480-8AC2-ECA692332380}"
EndProject
Project("{2150E333-8FDC-42A3-9474-1A3956D46DE8}") = "Testing", "Testing", "{D6A0B8BF-E3DB-436C-81D3-061C8C40F830}"
	ProjectSection(SolutionItems) = preProject
		test\Directory.Build.props = test\Directory.Build.props
		test\Directory.Packages.props = test\Directory.Packages.props
	EndProjectSection
EndProject
Project("{9A19103F-16F7-4668-BE54-9A1E7A4F7556}") = "AspNetCore", "test\AspNetCore\AspNetCore.csproj", "{D5BCD26D-F7B3-4F05-8081-AFC689B4DB11}"
EndProject
Project("{9A19103F-16F7-4668-BE54-9A1E7A4F7556}") = "TestHelpers", "test\TestHelpers\TestHelpers.csproj", "{DBCCAA73-067C-49E3-B902-BD3BE8032420}"
EndProject
Project("{2150E333-8FDC-42A3-9474-1A3956D46DE8}") = "TestWPF", "TestWPF", "{7A29AAD8-2BAE-4484-AABC-1C027A98E407}"
	ProjectSection(SolutionItems) = preProject
		test\TestWPF\README.md = test\TestWPF\README.md
	EndProjectSection
EndProject
Project("{9A19103F-16F7-4668-BE54-9A1E7A4F7556}") = "TestWPF.Core", "test\TestWPF\Core\TestWPF.Core.csproj", "{55E2068C-854B-4265-B34D-E8A3BC0B8F81}"
EndProject
Project("{9A19103F-16F7-4668-BE54-9A1E7A4F7556}") = "TestWPF.UI", "test\TestWPF\UI\TestWPF.UI.csproj", "{AF4CE77D-E6ED-47DE-8C26-B62A49E5D0D5}"
EndProject
Project("{9A19103F-16F7-4668-BE54-9A1E7A4F7556}") = "Controls", "test\TestWPF\Controls\Controls.csproj", "{9D030EB5-AD2B-4941-B667-8F0942E334F8}"
EndProject
Global
	GlobalSection(SolutionConfigurationPlatforms) = preSolution
		Debug|Any CPU = Debug|Any CPU
		Release|Any CPU = Release|Any CPU
	EndGlobalSection
	GlobalSection(ProjectConfigurationPlatforms) = postSolution
		{E1370363-1AEE-4CA0-A2CA-F5FE9A1D643E}.Debug|Any CPU.ActiveCfg = Debug|Any CPU
		{E1370363-1AEE-4CA0-A2CA-F5FE9A1D643E}.Debug|Any CPU.Build.0 = Debug|Any CPU
		{E1370363-1AEE-4CA0-A2CA-F5FE9A1D643E}.Release|Any CPU.ActiveCfg = Release|Any CPU
		{E1370363-1AEE-4CA0-A2CA-F5FE9A1D643E}.Release|Any CPU.Build.0 = Release|Any CPU
		{92AEC90F-44A4-4A70-96B7-629B8F16615B}.Debug|Any CPU.ActiveCfg = Debug|Any CPU
		{92AEC90F-44A4-4A70-96B7-629B8F16615B}.Debug|Any CPU.Build.0 = Debug|Any CPU
		{92AEC90F-44A4-4A70-96B7-629B8F16615B}.Release|Any CPU.ActiveCfg = Release|Any CPU
		{92AEC90F-44A4-4A70-96B7-629B8F16615B}.Release|Any CPU.Build.0 = Release|Any CPU
		{40BAEB28-7F05-4DBF-8C99-CDC983820027}.Debug|Any CPU.ActiveCfg = Debug|Any CPU
		{40BAEB28-7F05-4DBF-8C99-CDC983820027}.Debug|Any CPU.Build.0 = Debug|Any CPU
		{40BAEB28-7F05-4DBF-8C99-CDC983820027}.Release|Any CPU.ActiveCfg = Release|Any CPU
		{40BAEB28-7F05-4DBF-8C99-CDC983820027}.Release|Any CPU.Build.0 = Release|Any CPU
		{97A9AB84-8415-43A4-BB8B-9E9508C0A478}.Debug|Any CPU.ActiveCfg = Debug|Any CPU
		{97A9AB84-8415-43A4-BB8B-9E9508C0A478}.Debug|Any CPU.Build.0 = Debug|Any CPU
		{97A9AB84-8415-43A4-BB8B-9E9508C0A478}.Release|Any CPU.ActiveCfg = Release|Any CPU
		{97A9AB84-8415-43A4-BB8B-9E9508C0A478}.Release|Any CPU.Build.0 = Release|Any CPU
		{A2DDF9FC-FB19-4480-8AC2-ECA692332380}.Debug|Any CPU.ActiveCfg = Debug|Any CPU
		{A2DDF9FC-FB19-4480-8AC2-ECA692332380}.Debug|Any CPU.Build.0 = Debug|Any CPU
		{A2DDF9FC-FB19-4480-8AC2-ECA692332380}.Release|Any CPU.ActiveCfg = Release|Any CPU
		{A2DDF9FC-FB19-4480-8AC2-ECA692332380}.Release|Any CPU.Build.0 = Release|Any CPU
		{D5BCD26D-F7B3-4F05-8081-AFC689B4DB11}.Debug|Any CPU.ActiveCfg = Debug|Any CPU
		{D5BCD26D-F7B3-4F05-8081-AFC689B4DB11}.Release|Any CPU.ActiveCfg = Release|Any CPU
		{DBCCAA73-067C-49E3-B902-BD3BE8032420}.Debug|Any CPU.ActiveCfg = Debug|Any CPU
		{DBCCAA73-067C-49E3-B902-BD3BE8032420}.Debug|Any CPU.Build.0 = Debug|Any CPU
		{DBCCAA73-067C-49E3-B902-BD3BE8032420}.Release|Any CPU.ActiveCfg = Release|Any CPU
		{55E2068C-854B-4265-B34D-E8A3BC0B8F81}.Debug|Any CPU.ActiveCfg = Debug|Any CPU
		{55E2068C-854B-4265-B34D-E8A3BC0B8F81}.Debug|Any CPU.Build.0 = Debug|Any CPU
		{55E2068C-854B-4265-B34D-E8A3BC0B8F81}.Release|Any CPU.ActiveCfg = Release|Any CPU
		{AF4CE77D-E6ED-47DE-8C26-B62A49E5D0D5}.Debug|Any CPU.ActiveCfg = Debug|Any CPU
		{AF4CE77D-E6ED-47DE-8C26-B62A49E5D0D5}.Debug|Any CPU.Build.0 = Debug|Any CPU
		{AF4CE77D-E6ED-47DE-8C26-B62A49E5D0D5}.Release|Any CPU.ActiveCfg = Release|Any CPU
		{9D030EB5-AD2B-4941-B667-8F0942E334F8}.Debug|Any CPU.ActiveCfg = Debug|Any CPU
		{9D030EB5-AD2B-4941-B667-8F0942E334F8}.Debug|Any CPU.Build.0 = Debug|Any CPU
		{9D030EB5-AD2B-4941-B667-8F0942E334F8}.Release|Any CPU.ActiveCfg = Release|Any CPU
	EndGlobalSection
	GlobalSection(SolutionProperties) = preSolution
		HideSolutionNode = FALSE
	EndGlobalSection
	GlobalSection(NestedProjects) = preSolution
		{E1370363-1AEE-4CA0-A2CA-F5FE9A1D643E} = {B55E700F-9B77-4C21-88E0-1B10D5A7F344}
		{92AEC90F-44A4-4A70-96B7-629B8F16615B} = {B55E700F-9B77-4C21-88E0-1B10D5A7F344}
		{40BAEB28-7F05-4DBF-8C99-CDC983820027} = {B55E700F-9B77-4C21-88E0-1B10D5A7F344}
		{97A9AB84-8415-43A4-BB8B-9E9508C0A478} = {6DA0FE98-46BC-45A3-965B-DB66F3D5C7BF}
		{A2DDF9FC-FB19-4480-8AC2-ECA692332380} = {6DA0FE98-46BC-45A3-965B-DB66F3D5C7BF}
		{D5BCD26D-F7B3-4F05-8081-AFC689B4DB11} = {D6A0B8BF-E3DB-436C-81D3-061C8C40F830}
		{DBCCAA73-067C-49E3-B902-BD3BE8032420} = {D6A0B8BF-E3DB-436C-81D3-061C8C40F830}
		{7A29AAD8-2BAE-4484-AABC-1C027A98E407} = {D6A0B8BF-E3DB-436C-81D3-061C8C40F830}
		{55E2068C-854B-4265-B34D-E8A3BC0B8F81} = {7A29AAD8-2BAE-4484-AABC-1C027A98E407}
		{AF4CE77D-E6ED-47DE-8C26-B62A49E5D0D5} = {7A29AAD8-2BAE-4484-AABC-1C027A98E407}
		{9D030EB5-AD2B-4941-B667-8F0942E334F8} = {7A29AAD8-2BAE-4484-AABC-1C027A98E407}
	EndGlobalSection
	GlobalSection(ExtensibilityGlobals) = postSolution
		SolutionGuid = {39730524-1930-4E69-985A-41B9AFE5050B}
	EndGlobalSection
EndGlobal
