
Microsoft Visual Studio Solution File, Format Version 12.00
# Visual Studio Version 17
VisualStudioVersion = 17.5.33516.290
MinimumVisualStudioVersion = 10.0.40219.1
Project("{2150E333-8FDC-42A3-9474-1A3956D46DE8}") = "Repository Items", "Repository Items", "{19159410-0A82-4946-9FB8-174E3D6DEFAB}"
	ProjectSection(SolutionItems) = preProject
		.editorconfig = .editorconfig
		.gitignore = .gitignore
		src\Directory.Build.props = src\Directory.Build.props
		src\Directory.Build.targets = src\Directory.Build.targets
		src\Directory.Packages.props = src\Directory.Packages.props
		icon.png = icon.png
		LICENSE = LICENSE
		nuget.config = nuget.config
		README.md = README.md
	EndProjectSection
EndProject
Project("{2150E333-8FDC-42A3-9474-1A3956D46DE8}") = "Helpers", "Helpers", "{B55E700F-9B77-4C21-88E0-1B10D5A7F344}"
	ProjectSection(SolutionItems) = preProject
		src\Helper\README.md = src\Helper\README.md
	EndProjectSection
EndProject
Project("{9A19103F-16F7-4668-BE54-9A1E7A4F7556}") = "Application.Helper", "src\Helper\Application.Helper\Application.Helper.csproj", "{E1370363-1AEE-4CA0-A2CA-F5FE9A1D643E}"
EndProject
Project("{9A19103F-16F7-4668-BE54-9A1E7A4F7556}") = "Configuration.Helper", "src\Helper\Configuration.Helper\Configuration.Helper.csproj", "{92AEC90F-44A4-4A70-96B7-629B8F16615B}"
EndProject
Project("{9A19103F-16F7-4668-BE54-9A1E7A4F7556}") = "Logging.Helper", "src\Helper\Logging.Helper\Logging.Helper.csproj", "{40BAEB28-7F05-4DBF-8C99-CDC983820027}"
EndProject
Project("{2150E333-8FDC-42A3-9474-1A3956D46DE8}") = "Wpf", "Wpf", "{6DA0FE98-46BC-45A3-965B-DB66F3D5C7BF}"
	ProjectSection(SolutionItems) = preProject
		src\Wpf\README.md = src\Wpf\README.md
	EndProjectSection
EndProject
Project("{9A19103F-16F7-4668-BE54-9A1E7A4F7556}") = "Common.Wpf.Controls", "src\Wpf\Controls\Common.Wpf.Controls.csproj", "{97A9AB84-8415-43A4-BB8B-9E9508C0A478}"
EndProject
Project("{9A19103F-16F7-4668-BE54-9A1E7A4F7556}") = "Common.Wpf.Resources", "src\Wpf\Resources\Common.Wpf.Resources.csproj", "{A2DDF9FC-FB19-4480-8AC2-ECA692332380}"
EndProject
Project("{2150E333-8FDC-42A3-9474-1A3956D46DE8}") = "Testing", "Testing", "{D6A0B8BF-E3DB-436C-81D3-061C8C40F830}"
	ProjectSection(SolutionItems) = preProject
		test\Directory.Build.props = test\Directory.Build.props
		test\Directory.Packages.props = test\Directory.Packages.props
		test\Samples\README.md = test\Samples\README.md
	EndProjectSection
EndProject
Project("{9A19103F-16F7-4668-BE54-9A1E7A4F7556}") = "Sample.AspNet", "test\Samples\AspNet\Sample.AspNet.csproj", "{CF960633-1BA0-4258-9F9A-780003B13121}"
EndProject
Project("{9A19103F-16F7-4668-BE54-9A1E7A4F7556}") = "Sample.Console", "test\Samples\Console\Sample.Console.csproj", "{C80F96C0-3DCE-46C8-9EF9-A1C3E2EFD135}"
EndProject
Project("{9A19103F-16F7-4668-BE54-9A1E7A4F7556}") = "Sample.Mvvm", "test\Samples\Mvvm\Sample.Mvvm.csproj", "{4038AA34-EABA-44F7-8ABE-7F3060961FEF}"
EndProject
Project("{9A19103F-16F7-4668-BE54-9A1E7A4F7556}") = "Sample.Wpf", "test\Samples\Wpf\Sample.Wpf.csproj", "{407C99BB-A2DD-4E4B-90F3-789D86D22E8C}"
EndProject
Project("{9A19103F-16F7-4668-BE54-9A1E7A4F7556}") = "Sample.Controls", "test\Samples\Controls\Sample.Controls.csproj", "{DB41A9C6-4FA4-4631-B589-DB42C06ABF14}"
EndProject
Project("{2150E333-8FDC-42A3-9474-1A3956D46DE8}") = "Common", "Common", "{E81DA897-FAEF-4403-8B32-B8D77C417D54}"
	ProjectSection(SolutionItems) = preProject
		src\Common\README.md = src\Common\README.md
	EndProjectSection
EndProject
Project("{9A19103F-16F7-4668-BE54-9A1E7A4F7556}") = "Common.Core", "src\Common\Core\Common.Core.csproj", "{FDFBAFDA-5814-491E-B24C-36F9BB76DF33}"
EndProject
Global
	GlobalSection(SolutionConfigurationPlatforms) = preSolution
		Debug|Any CPU = Debug|Any CPU
		Debug|ARM64 = Debug|ARM64
		Debug|x64 = Debug|x64
		Debug|x86 = Debug|x86
		Release|Any CPU = Release|Any CPU
		Release|ARM64 = Release|ARM64
		Release|x64 = Release|x64
		Release|x86 = Release|x86
		Testing|Any CPU = Testing|Any CPU
		Testing|ARM64 = Testing|ARM64
		Testing|x64 = Testing|x64
		Testing|x86 = Testing|x86
	EndGlobalSection
	GlobalSection(ProjectConfigurationPlatforms) = postSolution
		{E1370363-1AEE-4CA0-A2CA-F5FE9A1D643E}.Debug|Any CPU.ActiveCfg = Debug|Any CPU
		{E1370363-1AEE-4CA0-A2CA-F5FE9A1D643E}.Debug|Any CPU.Build.0 = Debug|Any CPU
		{E1370363-1AEE-4CA0-A2CA-F5FE9A1D643E}.Debug|ARM64.ActiveCfg = Debug|Any CPU
		{E1370363-1AEE-4CA0-A2CA-F5FE9A1D643E}.Debug|ARM64.Build.0 = Debug|Any CPU
		{E1370363-1AEE-4CA0-A2CA-F5FE9A1D643E}.Debug|x64.ActiveCfg = Debug|Any CPU
		{E1370363-1AEE-4CA0-A2CA-F5FE9A1D643E}.Debug|x64.Build.0 = Debug|Any CPU
		{E1370363-1AEE-4CA0-A2CA-F5FE9A1D643E}.Debug|x86.ActiveCfg = Debug|Any CPU
		{E1370363-1AEE-4CA0-A2CA-F5FE9A1D643E}.Debug|x86.Build.0 = Debug|Any CPU
		{E1370363-1AEE-4CA0-A2CA-F5FE9A1D643E}.Release|Any CPU.ActiveCfg = Release|Any CPU
		{E1370363-1AEE-4CA0-A2CA-F5FE9A1D643E}.Release|Any CPU.Build.0 = Release|Any CPU
		{E1370363-1AEE-4CA0-A2CA-F5FE9A1D643E}.Release|ARM64.ActiveCfg = Release|Any CPU
		{E1370363-1AEE-4CA0-A2CA-F5FE9A1D643E}.Release|ARM64.Build.0 = Release|Any CPU
		{E1370363-1AEE-4CA0-A2CA-F5FE9A1D643E}.Release|x64.ActiveCfg = Release|Any CPU
		{E1370363-1AEE-4CA0-A2CA-F5FE9A1D643E}.Release|x64.Build.0 = Release|Any CPU
		{E1370363-1AEE-4CA0-A2CA-F5FE9A1D643E}.Release|x86.ActiveCfg = Release|Any CPU
		{E1370363-1AEE-4CA0-A2CA-F5FE9A1D643E}.Release|x86.Build.0 = Release|Any CPU
		{E1370363-1AEE-4CA0-A2CA-F5FE9A1D643E}.Testing|Any CPU.ActiveCfg = Debug|Any CPU
		{E1370363-1AEE-4CA0-A2CA-F5FE9A1D643E}.Testing|Any CPU.Build.0 = Debug|Any CPU
		{E1370363-1AEE-4CA0-A2CA-F5FE9A1D643E}.Testing|ARM64.ActiveCfg = Release|Any CPU
		{E1370363-1AEE-4CA0-A2CA-F5FE9A1D643E}.Testing|ARM64.Build.0 = Release|Any CPU
		{E1370363-1AEE-4CA0-A2CA-F5FE9A1D643E}.Testing|x64.ActiveCfg = Release|Any CPU
		{E1370363-1AEE-4CA0-A2CA-F5FE9A1D643E}.Testing|x64.Build.0 = Release|Any CPU
		{E1370363-1AEE-4CA0-A2CA-F5FE9A1D643E}.Testing|x86.ActiveCfg = Release|Any CPU
		{E1370363-1AEE-4CA0-A2CA-F5FE9A1D643E}.Testing|x86.Build.0 = Release|Any CPU
		{92AEC90F-44A4-4A70-96B7-629B8F16615B}.Debug|Any CPU.ActiveCfg = Debug|Any CPU
		{92AEC90F-44A4-4A70-96B7-629B8F16615B}.Debug|Any CPU.Build.0 = Debug|Any CPU
		{92AEC90F-44A4-4A70-96B7-629B8F16615B}.Debug|ARM64.ActiveCfg = Debug|Any CPU
		{92AEC90F-44A4-4A70-96B7-629B8F16615B}.Debug|ARM64.Build.0 = Debug|Any CPU
		{92AEC90F-44A4-4A70-96B7-629B8F16615B}.Debug|x64.ActiveCfg = Debug|Any CPU
		{92AEC90F-44A4-4A70-96B7-629B8F16615B}.Debug|x64.Build.0 = Debug|Any CPU
		{92AEC90F-44A4-4A70-96B7-629B8F16615B}.Debug|x86.ActiveCfg = Debug|Any CPU
		{92AEC90F-44A4-4A70-96B7-629B8F16615B}.Debug|x86.Build.0 = Debug|Any CPU
		{92AEC90F-44A4-4A70-96B7-629B8F16615B}.Release|Any CPU.ActiveCfg = Release|Any CPU
		{92AEC90F-44A4-4A70-96B7-629B8F16615B}.Release|Any CPU.Build.0 = Release|Any CPU
		{92AEC90F-44A4-4A70-96B7-629B8F16615B}.Release|ARM64.ActiveCfg = Release|Any CPU
		{92AEC90F-44A4-4A70-96B7-629B8F16615B}.Release|ARM64.Build.0 = Release|Any CPU
		{92AEC90F-44A4-4A70-96B7-629B8F16615B}.Release|x64.ActiveCfg = Release|Any CPU
		{92AEC90F-44A4-4A70-96B7-629B8F16615B}.Release|x64.Build.0 = Release|Any CPU
		{92AEC90F-44A4-4A70-96B7-629B8F16615B}.Release|x86.ActiveCfg = Release|Any CPU
		{92AEC90F-44A4-4A70-96B7-629B8F16615B}.Release|x86.Build.0 = Release|Any CPU
		{92AEC90F-44A4-4A70-96B7-629B8F16615B}.Testing|Any CPU.ActiveCfg = Debug|Any CPU
		{92AEC90F-44A4-4A70-96B7-629B8F16615B}.Testing|Any CPU.Build.0 = Debug|Any CPU
		{92AEC90F-44A4-4A70-96B7-629B8F16615B}.Testing|ARM64.ActiveCfg = Release|Any CPU
		{92AEC90F-44A4-4A70-96B7-629B8F16615B}.Testing|ARM64.Build.0 = Release|Any CPU
		{92AEC90F-44A4-4A70-96B7-629B8F16615B}.Testing|x64.ActiveCfg = Release|Any CPU
		{92AEC90F-44A4-4A70-96B7-629B8F16615B}.Testing|x64.Build.0 = Release|Any CPU
		{92AEC90F-44A4-4A70-96B7-629B8F16615B}.Testing|x86.ActiveCfg = Release|Any CPU
		{92AEC90F-44A4-4A70-96B7-629B8F16615B}.Testing|x86.Build.0 = Release|Any CPU
		{40BAEB28-7F05-4DBF-8C99-CDC983820027}.Debug|Any CPU.ActiveCfg = Debug|Any CPU
		{40BAEB28-7F05-4DBF-8C99-CDC983820027}.Debug|Any CPU.Build.0 = Debug|Any CPU
		{40BAEB28-7F05-4DBF-8C99-CDC983820027}.Debug|ARM64.ActiveCfg = Debug|Any CPU
		{40BAEB28-7F05-4DBF-8C99-CDC983820027}.Debug|ARM64.Build.0 = Debug|Any CPU
		{40BAEB28-7F05-4DBF-8C99-CDC983820027}.Debug|x64.ActiveCfg = Debug|Any CPU
		{40BAEB28-7F05-4DBF-8C99-CDC983820027}.Debug|x64.Build.0 = Debug|Any CPU
		{40BAEB28-7F05-4DBF-8C99-CDC983820027}.Debug|x86.ActiveCfg = Debug|Any CPU
		{40BAEB28-7F05-4DBF-8C99-CDC983820027}.Debug|x86.Build.0 = Debug|Any CPU
		{40BAEB28-7F05-4DBF-8C99-CDC983820027}.Release|Any CPU.ActiveCfg = Release|Any CPU
		{40BAEB28-7F05-4DBF-8C99-CDC983820027}.Release|Any CPU.Build.0 = Release|Any CPU
		{40BAEB28-7F05-4DBF-8C99-CDC983820027}.Release|ARM64.ActiveCfg = Release|Any CPU
		{40BAEB28-7F05-4DBF-8C99-CDC983820027}.Release|ARM64.Build.0 = Release|Any CPU
		{40BAEB28-7F05-4DBF-8C99-CDC983820027}.Release|x64.ActiveCfg = Release|Any CPU
		{40BAEB28-7F05-4DBF-8C99-CDC983820027}.Release|x64.Build.0 = Release|Any CPU
		{40BAEB28-7F05-4DBF-8C99-CDC983820027}.Release|x86.ActiveCfg = Release|Any CPU
		{40BAEB28-7F05-4DBF-8C99-CDC983820027}.Release|x86.Build.0 = Release|Any CPU
		{40BAEB28-7F05-4DBF-8C99-CDC983820027}.Testing|Any CPU.ActiveCfg = Debug|Any CPU
		{40BAEB28-7F05-4DBF-8C99-CDC983820027}.Testing|Any CPU.Build.0 = Debug|Any CPU
		{40BAEB28-7F05-4DBF-8C99-CDC983820027}.Testing|ARM64.ActiveCfg = Release|Any CPU
		{40BAEB28-7F05-4DBF-8C99-CDC983820027}.Testing|ARM64.Build.0 = Release|Any CPU
		{40BAEB28-7F05-4DBF-8C99-CDC983820027}.Testing|x64.ActiveCfg = Release|Any CPU
		{40BAEB28-7F05-4DBF-8C99-CDC983820027}.Testing|x64.Build.0 = Release|Any CPU
		{40BAEB28-7F05-4DBF-8C99-CDC983820027}.Testing|x86.ActiveCfg = Release|Any CPU
		{40BAEB28-7F05-4DBF-8C99-CDC983820027}.Testing|x86.Build.0 = Release|Any CPU
		{97A9AB84-8415-43A4-BB8B-9E9508C0A478}.Debug|Any CPU.ActiveCfg = Debug|Any CPU
		{97A9AB84-8415-43A4-BB8B-9E9508C0A478}.Debug|Any CPU.Build.0 = Debug|Any CPU
		{97A9AB84-8415-43A4-BB8B-9E9508C0A478}.Debug|ARM64.ActiveCfg = Debug|Any CPU
		{97A9AB84-8415-43A4-BB8B-9E9508C0A478}.Debug|ARM64.Build.0 = Debug|Any CPU
		{97A9AB84-8415-43A4-BB8B-9E9508C0A478}.Debug|x64.ActiveCfg = Debug|Any CPU
		{97A9AB84-8415-43A4-BB8B-9E9508C0A478}.Debug|x64.Build.0 = Debug|Any CPU
		{97A9AB84-8415-43A4-BB8B-9E9508C0A478}.Debug|x86.ActiveCfg = Debug|Any CPU
		{97A9AB84-8415-43A4-BB8B-9E9508C0A478}.Debug|x86.Build.0 = Debug|Any CPU
		{97A9AB84-8415-43A4-BB8B-9E9508C0A478}.Release|Any CPU.ActiveCfg = Release|Any CPU
		{97A9AB84-8415-43A4-BB8B-9E9508C0A478}.Release|Any CPU.Build.0 = Release|Any CPU
		{97A9AB84-8415-43A4-BB8B-9E9508C0A478}.Release|ARM64.ActiveCfg = Release|Any CPU
		{97A9AB84-8415-43A4-BB8B-9E9508C0A478}.Release|ARM64.Build.0 = Release|Any CPU
		{97A9AB84-8415-43A4-BB8B-9E9508C0A478}.Release|x64.ActiveCfg = Release|Any CPU
		{97A9AB84-8415-43A4-BB8B-9E9508C0A478}.Release|x64.Build.0 = Release|Any CPU
		{97A9AB84-8415-43A4-BB8B-9E9508C0A478}.Release|x86.ActiveCfg = Release|Any CPU
		{97A9AB84-8415-43A4-BB8B-9E9508C0A478}.Release|x86.Build.0 = Release|Any CPU
		{97A9AB84-8415-43A4-BB8B-9E9508C0A478}.Testing|Any CPU.ActiveCfg = Debug|Any CPU
		{97A9AB84-8415-43A4-BB8B-9E9508C0A478}.Testing|Any CPU.Build.0 = Debug|Any CPU
		{97A9AB84-8415-43A4-BB8B-9E9508C0A478}.Testing|ARM64.ActiveCfg = Release|Any CPU
		{97A9AB84-8415-43A4-BB8B-9E9508C0A478}.Testing|ARM64.Build.0 = Release|Any CPU
		{97A9AB84-8415-43A4-BB8B-9E9508C0A478}.Testing|x64.ActiveCfg = Release|Any CPU
		{97A9AB84-8415-43A4-BB8B-9E9508C0A478}.Testing|x64.Build.0 = Release|Any CPU
		{97A9AB84-8415-43A4-BB8B-9E9508C0A478}.Testing|x86.ActiveCfg = Release|Any CPU
		{97A9AB84-8415-43A4-BB8B-9E9508C0A478}.Testing|x86.Build.0 = Release|Any CPU
		{A2DDF9FC-FB19-4480-8AC2-ECA692332380}.Debug|Any CPU.ActiveCfg = Debug|Any CPU
		{A2DDF9FC-FB19-4480-8AC2-ECA692332380}.Debug|Any CPU.Build.0 = Debug|Any CPU
		{A2DDF9FC-FB19-4480-8AC2-ECA692332380}.Debug|ARM64.ActiveCfg = Debug|Any CPU
		{A2DDF9FC-FB19-4480-8AC2-ECA692332380}.Debug|ARM64.Build.0 = Debug|Any CPU
		{A2DDF9FC-FB19-4480-8AC2-ECA692332380}.Debug|x64.ActiveCfg = Debug|Any CPU
		{A2DDF9FC-FB19-4480-8AC2-ECA692332380}.Debug|x64.Build.0 = Debug|Any CPU
		{A2DDF9FC-FB19-4480-8AC2-ECA692332380}.Debug|x86.ActiveCfg = Debug|Any CPU
		{A2DDF9FC-FB19-4480-8AC2-ECA692332380}.Debug|x86.Build.0 = Debug|Any CPU
		{A2DDF9FC-FB19-4480-8AC2-ECA692332380}.Release|Any CPU.ActiveCfg = Release|Any CPU
		{A2DDF9FC-FB19-4480-8AC2-ECA692332380}.Release|Any CPU.Build.0 = Release|Any CPU
		{A2DDF9FC-FB19-4480-8AC2-ECA692332380}.Release|ARM64.ActiveCfg = Release|Any CPU
		{A2DDF9FC-FB19-4480-8AC2-ECA692332380}.Release|ARM64.Build.0 = Release|Any CPU
		{A2DDF9FC-FB19-4480-8AC2-ECA692332380}.Release|x64.ActiveCfg = Release|Any CPU
		{A2DDF9FC-FB19-4480-8AC2-ECA692332380}.Release|x64.Build.0 = Release|Any CPU
		{A2DDF9FC-FB19-4480-8AC2-ECA692332380}.Release|x86.ActiveCfg = Release|Any CPU
		{A2DDF9FC-FB19-4480-8AC2-ECA692332380}.Release|x86.Build.0 = Release|Any CPU
		{A2DDF9FC-FB19-4480-8AC2-ECA692332380}.Testing|Any CPU.ActiveCfg = Debug|Any CPU
		{A2DDF9FC-FB19-4480-8AC2-ECA692332380}.Testing|Any CPU.Build.0 = Debug|Any CPU
		{A2DDF9FC-FB19-4480-8AC2-ECA692332380}.Testing|ARM64.ActiveCfg = Release|Any CPU
		{A2DDF9FC-FB19-4480-8AC2-ECA692332380}.Testing|ARM64.Build.0 = Release|Any CPU
		{A2DDF9FC-FB19-4480-8AC2-ECA692332380}.Testing|x64.ActiveCfg = Release|Any CPU
		{A2DDF9FC-FB19-4480-8AC2-ECA692332380}.Testing|x64.Build.0 = Release|Any CPU
		{A2DDF9FC-FB19-4480-8AC2-ECA692332380}.Testing|x86.ActiveCfg = Release|Any CPU
		{A2DDF9FC-FB19-4480-8AC2-ECA692332380}.Testing|x86.Build.0 = Release|Any CPU
		{CF960633-1BA0-4258-9F9A-780003B13121}.Debug|Any CPU.ActiveCfg = Debug|Any CPU
		{CF960633-1BA0-4258-9F9A-780003B13121}.Debug|ARM64.ActiveCfg = Debug|Any CPU
		{CF960633-1BA0-4258-9F9A-780003B13121}.Debug|ARM64.Build.0 = Debug|Any CPU
		{CF960633-1BA0-4258-9F9A-780003B13121}.Debug|x64.ActiveCfg = Debug|Any CPU
		{CF960633-1BA0-4258-9F9A-780003B13121}.Debug|x64.Build.0 = Debug|Any CPU
		{CF960633-1BA0-4258-9F9A-780003B13121}.Debug|x86.ActiveCfg = Debug|Any CPU
		{CF960633-1BA0-4258-9F9A-780003B13121}.Debug|x86.Build.0 = Debug|Any CPU
		{CF960633-1BA0-4258-9F9A-780003B13121}.Release|Any CPU.ActiveCfg = Release|Any CPU
		{CF960633-1BA0-4258-9F9A-780003B13121}.Release|ARM64.ActiveCfg = Release|Any CPU
		{CF960633-1BA0-4258-9F9A-780003B13121}.Release|ARM64.Build.0 = Release|Any CPU
		{CF960633-1BA0-4258-9F9A-780003B13121}.Release|x64.ActiveCfg = Release|Any CPU
		{CF960633-1BA0-4258-9F9A-780003B13121}.Release|x64.Build.0 = Release|Any CPU
		{CF960633-1BA0-4258-9F9A-780003B13121}.Release|x86.ActiveCfg = Release|Any CPU
		{CF960633-1BA0-4258-9F9A-780003B13121}.Release|x86.Build.0 = Release|Any CPU
		{CF960633-1BA0-4258-9F9A-780003B13121}.Testing|Any CPU.ActiveCfg = Debug|Any CPU
		{CF960633-1BA0-4258-9F9A-780003B13121}.Testing|Any CPU.Build.0 = Debug|Any CPU
		{CF960633-1BA0-4258-9F9A-780003B13121}.Testing|ARM64.ActiveCfg = Release|Any CPU
		{CF960633-1BA0-4258-9F9A-780003B13121}.Testing|ARM64.Build.0 = Release|Any CPU
		{CF960633-1BA0-4258-9F9A-780003B13121}.Testing|x64.ActiveCfg = Release|Any CPU
		{CF960633-1BA0-4258-9F9A-780003B13121}.Testing|x64.Build.0 = Release|Any CPU
		{CF960633-1BA0-4258-9F9A-780003B13121}.Testing|x86.ActiveCfg = Release|Any CPU
		{CF960633-1BA0-4258-9F9A-780003B13121}.Testing|x86.Build.0 = Release|Any CPU
		{C80F96C0-3DCE-46C8-9EF9-A1C3E2EFD135}.Debug|Any CPU.ActiveCfg = Debug|Any CPU
		{C80F96C0-3DCE-46C8-9EF9-A1C3E2EFD135}.Debug|ARM64.ActiveCfg = Debug|Any CPU
		{C80F96C0-3DCE-46C8-9EF9-A1C3E2EFD135}.Debug|ARM64.Build.0 = Debug|Any CPU
		{C80F96C0-3DCE-46C8-9EF9-A1C3E2EFD135}.Debug|x64.ActiveCfg = Debug|Any CPU
		{C80F96C0-3DCE-46C8-9EF9-A1C3E2EFD135}.Debug|x64.Build.0 = Debug|Any CPU
		{C80F96C0-3DCE-46C8-9EF9-A1C3E2EFD135}.Debug|x86.ActiveCfg = Debug|Any CPU
		{C80F96C0-3DCE-46C8-9EF9-A1C3E2EFD135}.Debug|x86.Build.0 = Debug|Any CPU
		{C80F96C0-3DCE-46C8-9EF9-A1C3E2EFD135}.Release|Any CPU.ActiveCfg = Release|Any CPU
		{C80F96C0-3DCE-46C8-9EF9-A1C3E2EFD135}.Release|ARM64.ActiveCfg = Release|Any CPU
		{C80F96C0-3DCE-46C8-9EF9-A1C3E2EFD135}.Release|ARM64.Build.0 = Release|Any CPU
		{C80F96C0-3DCE-46C8-9EF9-A1C3E2EFD135}.Release|x64.ActiveCfg = Release|Any CPU
		{C80F96C0-3DCE-46C8-9EF9-A1C3E2EFD135}.Release|x64.Build.0 = Release|Any CPU
		{C80F96C0-3DCE-46C8-9EF9-A1C3E2EFD135}.Release|x86.ActiveCfg = Release|Any CPU
		{C80F96C0-3DCE-46C8-9EF9-A1C3E2EFD135}.Release|x86.Build.0 = Release|Any CPU
		{C80F96C0-3DCE-46C8-9EF9-A1C3E2EFD135}.Testing|Any CPU.ActiveCfg = Debug|Any CPU
		{C80F96C0-3DCE-46C8-9EF9-A1C3E2EFD135}.Testing|Any CPU.Build.0 = Debug|Any CPU
		{C80F96C0-3DCE-46C8-9EF9-A1C3E2EFD135}.Testing|ARM64.ActiveCfg = Release|Any CPU
		{C80F96C0-3DCE-46C8-9EF9-A1C3E2EFD135}.Testing|ARM64.Build.0 = Release|Any CPU
		{C80F96C0-3DCE-46C8-9EF9-A1C3E2EFD135}.Testing|x64.ActiveCfg = Release|Any CPU
		{C80F96C0-3DCE-46C8-9EF9-A1C3E2EFD135}.Testing|x64.Build.0 = Release|Any CPU
		{C80F96C0-3DCE-46C8-9EF9-A1C3E2EFD135}.Testing|x86.ActiveCfg = Release|Any CPU
		{C80F96C0-3DCE-46C8-9EF9-A1C3E2EFD135}.Testing|x86.Build.0 = Release|Any CPU
		{4038AA34-EABA-44F7-8ABE-7F3060961FEF}.Debug|Any CPU.ActiveCfg = Debug|Any CPU
		{4038AA34-EABA-44F7-8ABE-7F3060961FEF}.Debug|ARM64.ActiveCfg = Debug|Any CPU
		{4038AA34-EABA-44F7-8ABE-7F3060961FEF}.Debug|ARM64.Build.0 = Debug|Any CPU
		{4038AA34-EABA-44F7-8ABE-7F3060961FEF}.Debug|x64.ActiveCfg = Debug|Any CPU
		{4038AA34-EABA-44F7-8ABE-7F3060961FEF}.Debug|x64.Build.0 = Debug|Any CPU
		{4038AA34-EABA-44F7-8ABE-7F3060961FEF}.Debug|x86.ActiveCfg = Debug|Any CPU
		{4038AA34-EABA-44F7-8ABE-7F3060961FEF}.Debug|x86.Build.0 = Debug|Any CPU
		{4038AA34-EABA-44F7-8ABE-7F3060961FEF}.Release|Any CPU.ActiveCfg = Release|Any CPU
		{4038AA34-EABA-44F7-8ABE-7F3060961FEF}.Release|ARM64.ActiveCfg = Release|Any CPU
		{4038AA34-EABA-44F7-8ABE-7F3060961FEF}.Release|ARM64.Build.0 = Release|Any CPU
		{4038AA34-EABA-44F7-8ABE-7F3060961FEF}.Release|x64.ActiveCfg = Release|Any CPU
		{4038AA34-EABA-44F7-8ABE-7F3060961FEF}.Release|x64.Build.0 = Release|Any CPU
		{4038AA34-EABA-44F7-8ABE-7F3060961FEF}.Release|x86.ActiveCfg = Release|Any CPU
		{4038AA34-EABA-44F7-8ABE-7F3060961FEF}.Release|x86.Build.0 = Release|Any CPU
		{4038AA34-EABA-44F7-8ABE-7F3060961FEF}.Testing|Any CPU.ActiveCfg = Debug|Any CPU
		{4038AA34-EABA-44F7-8ABE-7F3060961FEF}.Testing|Any CPU.Build.0 = Debug|Any CPU
		{4038AA34-EABA-44F7-8ABE-7F3060961FEF}.Testing|ARM64.ActiveCfg = Release|Any CPU
		{4038AA34-EABA-44F7-8ABE-7F3060961FEF}.Testing|ARM64.Build.0 = Release|Any CPU
		{4038AA34-EABA-44F7-8ABE-7F3060961FEF}.Testing|x64.ActiveCfg = Release|Any CPU
		{4038AA34-EABA-44F7-8ABE-7F3060961FEF}.Testing|x64.Build.0 = Release|Any CPU
		{4038AA34-EABA-44F7-8ABE-7F3060961FEF}.Testing|x86.ActiveCfg = Release|Any CPU
		{4038AA34-EABA-44F7-8ABE-7F3060961FEF}.Testing|x86.Build.0 = Release|Any CPU
		{407C99BB-A2DD-4E4B-90F3-789D86D22E8C}.Debug|Any CPU.ActiveCfg = Debug|Any CPU
		{407C99BB-A2DD-4E4B-90F3-789D86D22E8C}.Debug|ARM64.ActiveCfg = Debug|Any CPU
		{407C99BB-A2DD-4E4B-90F3-789D86D22E8C}.Debug|ARM64.Build.0 = Debug|Any CPU
		{407C99BB-A2DD-4E4B-90F3-789D86D22E8C}.Debug|x64.ActiveCfg = Debug|Any CPU
		{407C99BB-A2DD-4E4B-90F3-789D86D22E8C}.Debug|x64.Build.0 = Debug|Any CPU
		{407C99BB-A2DD-4E4B-90F3-789D86D22E8C}.Debug|x86.ActiveCfg = Debug|Any CPU
		{407C99BB-A2DD-4E4B-90F3-789D86D22E8C}.Debug|x86.Build.0 = Debug|Any CPU
		{407C99BB-A2DD-4E4B-90F3-789D86D22E8C}.Release|Any CPU.ActiveCfg = Release|Any CPU
		{407C99BB-A2DD-4E4B-90F3-789D86D22E8C}.Release|ARM64.ActiveCfg = Release|Any CPU
		{407C99BB-A2DD-4E4B-90F3-789D86D22E8C}.Release|ARM64.Build.0 = Release|Any CPU
		{407C99BB-A2DD-4E4B-90F3-789D86D22E8C}.Release|x64.ActiveCfg = Release|Any CPU
		{407C99BB-A2DD-4E4B-90F3-789D86D22E8C}.Release|x64.Build.0 = Release|Any CPU
		{407C99BB-A2DD-4E4B-90F3-789D86D22E8C}.Release|x86.ActiveCfg = Release|Any CPU
		{407C99BB-A2DD-4E4B-90F3-789D86D22E8C}.Release|x86.Build.0 = Release|Any CPU
		{407C99BB-A2DD-4E4B-90F3-789D86D22E8C}.Testing|Any CPU.ActiveCfg = Debug|Any CPU
		{407C99BB-A2DD-4E4B-90F3-789D86D22E8C}.Testing|Any CPU.Build.0 = Debug|Any CPU
		{407C99BB-A2DD-4E4B-90F3-789D86D22E8C}.Testing|ARM64.ActiveCfg = Release|Any CPU
		{407C99BB-A2DD-4E4B-90F3-789D86D22E8C}.Testing|ARM64.Build.0 = Release|Any CPU
		{407C99BB-A2DD-4E4B-90F3-789D86D22E8C}.Testing|x64.ActiveCfg = Release|Any CPU
		{407C99BB-A2DD-4E4B-90F3-789D86D22E8C}.Testing|x64.Build.0 = Release|Any CPU
		{407C99BB-A2DD-4E4B-90F3-789D86D22E8C}.Testing|x86.ActiveCfg = Release|Any CPU
		{407C99BB-A2DD-4E4B-90F3-789D86D22E8C}.Testing|x86.Build.0 = Release|Any CPU
		{DB41A9C6-4FA4-4631-B589-DB42C06ABF14}.Debug|Any CPU.ActiveCfg = Debug|Any CPU
		{DB41A9C6-4FA4-4631-B589-DB42C06ABF14}.Debug|ARM64.ActiveCfg = Debug|Any CPU
		{DB41A9C6-4FA4-4631-B589-DB42C06ABF14}.Debug|ARM64.Build.0 = Debug|Any CPU
		{DB41A9C6-4FA4-4631-B589-DB42C06ABF14}.Debug|x64.ActiveCfg = Debug|Any CPU
		{DB41A9C6-4FA4-4631-B589-DB42C06ABF14}.Debug|x64.Build.0 = Debug|Any CPU
		{DB41A9C6-4FA4-4631-B589-DB42C06ABF14}.Debug|x86.ActiveCfg = Debug|Any CPU
		{DB41A9C6-4FA4-4631-B589-DB42C06ABF14}.Debug|x86.Build.0 = Debug|Any CPU
		{DB41A9C6-4FA4-4631-B589-DB42C06ABF14}.Release|Any CPU.ActiveCfg = Release|Any CPU
		{DB41A9C6-4FA4-4631-B589-DB42C06ABF14}.Release|ARM64.ActiveCfg = Release|Any CPU
		{DB41A9C6-4FA4-4631-B589-DB42C06ABF14}.Release|ARM64.Build.0 = Release|Any CPU
		{DB41A9C6-4FA4-4631-B589-DB42C06ABF14}.Release|x64.ActiveCfg = Release|Any CPU
		{DB41A9C6-4FA4-4631-B589-DB42C06ABF14}.Release|x64.Build.0 = Release|Any CPU
		{DB41A9C6-4FA4-4631-B589-DB42C06ABF14}.Release|x86.ActiveCfg = Release|Any CPU
		{DB41A9C6-4FA4-4631-B589-DB42C06ABF14}.Release|x86.Build.0 = Release|Any CPU
		{DB41A9C6-4FA4-4631-B589-DB42C06ABF14}.Testing|Any CPU.ActiveCfg = Debug|Any CPU
		{DB41A9C6-4FA4-4631-B589-DB42C06ABF14}.Testing|Any CPU.Build.0 = Debug|Any CPU
		{DB41A9C6-4FA4-4631-B589-DB42C06ABF14}.Testing|ARM64.ActiveCfg = Release|Any CPU
		{DB41A9C6-4FA4-4631-B589-DB42C06ABF14}.Testing|ARM64.Build.0 = Release|Any CPU
		{DB41A9C6-4FA4-4631-B589-DB42C06ABF14}.Testing|x64.ActiveCfg = Release|Any CPU
		{DB41A9C6-4FA4-4631-B589-DB42C06ABF14}.Testing|x64.Build.0 = Release|Any CPU
		{DB41A9C6-4FA4-4631-B589-DB42C06ABF14}.Testing|x86.ActiveCfg = Release|Any CPU
		{DB41A9C6-4FA4-4631-B589-DB42C06ABF14}.Testing|x86.Build.0 = Release|Any CPU
		{FDFBAFDA-5814-491E-B24C-36F9BB76DF33}.Debug|Any CPU.ActiveCfg = Debug|Any CPU
		{FDFBAFDA-5814-491E-B24C-36F9BB76DF33}.Debug|Any CPU.Build.0 = Debug|Any CPU
		{FDFBAFDA-5814-491E-B24C-36F9BB76DF33}.Debug|ARM64.ActiveCfg = Debug|Any CPU
		{FDFBAFDA-5814-491E-B24C-36F9BB76DF33}.Debug|ARM64.Build.0 = Debug|Any CPU
		{FDFBAFDA-5814-491E-B24C-36F9BB76DF33}.Debug|x64.ActiveCfg = Debug|Any CPU
		{FDFBAFDA-5814-491E-B24C-36F9BB76DF33}.Debug|x64.Build.0 = Debug|Any CPU
		{FDFBAFDA-5814-491E-B24C-36F9BB76DF33}.Debug|x86.ActiveCfg = Debug|Any CPU
		{FDFBAFDA-5814-491E-B24C-36F9BB76DF33}.Debug|x86.Build.0 = Debug|Any CPU
		{FDFBAFDA-5814-491E-B24C-36F9BB76DF33}.Release|Any CPU.ActiveCfg = Release|Any CPU
		{FDFBAFDA-5814-491E-B24C-36F9BB76DF33}.Release|Any CPU.Build.0 = Release|Any CPU
		{FDFBAFDA-5814-491E-B24C-36F9BB76DF33}.Release|ARM64.ActiveCfg = Release|Any CPU
		{FDFBAFDA-5814-491E-B24C-36F9BB76DF33}.Release|ARM64.Build.0 = Release|Any CPU
		{FDFBAFDA-5814-491E-B24C-36F9BB76DF33}.Release|x64.ActiveCfg = Release|Any CPU
		{FDFBAFDA-5814-491E-B24C-36F9BB76DF33}.Release|x64.Build.0 = Release|Any CPU
		{FDFBAFDA-5814-491E-B24C-36F9BB76DF33}.Release|x86.ActiveCfg = Release|Any CPU
		{FDFBAFDA-5814-491E-B24C-36F9BB76DF33}.Release|x86.Build.0 = Release|Any CPU
		{FDFBAFDA-5814-491E-B24C-36F9BB76DF33}.Testing|Any CPU.ActiveCfg = Debug|Any CPU
		{FDFBAFDA-5814-491E-B24C-36F9BB76DF33}.Testing|Any CPU.Build.0 = Debug|Any CPU
		{FDFBAFDA-5814-491E-B24C-36F9BB76DF33}.Testing|ARM64.ActiveCfg = Debug|Any CPU
		{FDFBAFDA-5814-491E-B24C-36F9BB76DF33}.Testing|ARM64.Build.0 = Debug|Any CPU
		{FDFBAFDA-5814-491E-B24C-36F9BB76DF33}.Testing|x64.ActiveCfg = Debug|Any CPU
		{FDFBAFDA-5814-491E-B24C-36F9BB76DF33}.Testing|x64.Build.0 = Debug|Any CPU
		{FDFBAFDA-5814-491E-B24C-36F9BB76DF33}.Testing|x86.ActiveCfg = Debug|Any CPU
		{FDFBAFDA-5814-491E-B24C-36F9BB76DF33}.Testing|x86.Build.0 = Debug|Any CPU
	EndGlobalSection
	GlobalSection(SolutionProperties) = preSolution
		HideSolutionNode = FALSE
	EndGlobalSection
	GlobalSection(NestedProjects) = preSolution
		{E1370363-1AEE-4CA0-A2CA-F5FE9A1D643E} = {B55E700F-9B77-4C21-88E0-1B10D5A7F344}
		{92AEC90F-44A4-4A70-96B7-629B8F16615B} = {B55E700F-9B77-4C21-88E0-1B10D5A7F344}
		{40BAEB28-7F05-4DBF-8C99-CDC983820027} = {B55E700F-9B77-4C21-88E0-1B10D5A7F344}
		{97A9AB84-8415-43A4-BB8B-9E9508C0A478} = {6DA0FE98-46BC-45A3-965B-DB66F3D5C7BF}
		{A2DDF9FC-FB19-4480-8AC2-ECA692332380} = {6DA0FE98-46BC-45A3-965B-DB66F3D5C7BF}
		{CF960633-1BA0-4258-9F9A-780003B13121} = {D6A0B8BF-E3DB-436C-81D3-061C8C40F830}
		{C80F96C0-3DCE-46C8-9EF9-A1C3E2EFD135} = {D6A0B8BF-E3DB-436C-81D3-061C8C40F830}
		{4038AA34-EABA-44F7-8ABE-7F3060961FEF} = {D6A0B8BF-E3DB-436C-81D3-061C8C40F830}
		{407C99BB-A2DD-4E4B-90F3-789D86D22E8C} = {D6A0B8BF-E3DB-436C-81D3-061C8C40F830}
		{DB41A9C6-4FA4-4631-B589-DB42C06ABF14} = {D6A0B8BF-E3DB-436C-81D3-061C8C40F830}
		{FDFBAFDA-5814-491E-B24C-36F9BB76DF33} = {E81DA897-FAEF-4403-8B32-B8D77C417D54}
	EndGlobalSection
	GlobalSection(ExtensibilityGlobals) = postSolution
		SolutionGuid = {39730524-1930-4E69-985A-41B9AFE5050B}
	EndGlobalSection
EndGlobal
